
Microsoft Visual Studio Solution File, Format Version 12.00
# Visual Studio Version 16
VisualStudioVersion = 16.0.30413.136
MinimumVisualStudioVersion = 10.0.40219.1
Project("{FAE04EC0-301F-11D3-BF4B-00C04F79EFBC}") = "Kalkulator", "Kalkulator\Kalkulator.csproj", "{38B07C12-1BF9-439F-9EAB-6BCDC1E17902}"
EndProject
Global
	GlobalSection(SolutionConfigurationPlatforms) = preSolution
		Debug|Any CPU = Debug|Any CPU
		Release|Any CPU = Release|Any CPU
	EndGlobalSection
	GlobalSection(ProjectConfigurationPlatforms) = postSolution
		{38B07C12-1BF9-439F-9EAB-6BCDC1E17902}.Debug|Any CPU.ActiveCfg = Debug|Any CPU
		{38B07C12-1BF9-439F-9EAB-6BCDC1E17902}.Debug|Any CPU.Build.0 = Debug|Any CPU
		{38B07C12-1BF9-439F-9EAB-6BCDC1E17902}.Release|Any CPU.ActiveCfg = Release|Any CPU
		{38B07C12-1BF9-439F-9EAB-6BCDC1E17902}.Release|Any CPU.Build.0 = Release|Any CPU
	EndGlobalSection
	GlobalSection(SolutionProperties) = preSolution
		HideSolutionNode = FALSE
	EndGlobalSection
	GlobalSection(ExtensibilityGlobals) = postSolution
		SolutionGuid = {922A409D-A607-49A3-8CFE-C93D36668231}
	EndGlobalSection
EndGlobal
